PODS:
  - Alamofire (4.7.2)
  - YYCache (1.0.4)
  - YYImage (1.0.4):
    - YYImage/Core (= 1.0.4)
  - YYImage/Core (1.0.4)
  - YYWebImage (1.0.5):
    - YYCache
    - YYImage

DEPENDENCIES:
  - Alamofire (~> 4.7)
  - YYWebImage

SPEC REPOS:
  https://github.com/cocoapods/specs.git:
    - Alamofire
    - YYCache
    - YYImage
    - YYWebImage

SPEC CHECKSUMS:
  Alamofire: e4fa87002c137ba2d8d634d2c51fabcda0d5c223
  YYCache: 8105b6638f5e849296c71f331ff83891a4942952
  YYImage: 1e1b62a9997399593e4b9c4ecfbbabbf1d3f3b54
  YYWebImage: 5f7f36aee2ae293f016d418c7d6ba05c4863e928

PODFILE CHECKSUM: d9718ba3c04eb5845f0fad4b3fb54bb245ca7a30

COCOAPODS: 1.5.3
